// !$*UTF8*$!
{
	archiveVersion = 1;
	classes = {
	};
	objectVersion = 51;
	objects = {

/* Begin PBXBuildFile section */
		361DDA7A26BE9401002673C4 /* PostTokenDatamodel.swift in Sources */ = {isa = PBXBuildFile; fileRef = 361DDA7926BE9401002673C4 /* PostTokenDatamodel.swift */; };
		361DDA7C26BE940B002673C4 /* PostTokenDataService.swift in Sources */ = {isa = PBXBuildFile; fileRef = 361DDA7B26BE940B002673C4 /* PostTokenDataService.swift */; };
		3627E4FC26B8F13A0047C9DF /* UserProfile.swift in Sources */ = {isa = PBXBuildFile; fileRef = 3627E4FB26B8F13A0047C9DF /* UserProfile.swift */; };
		3627E4FE26B8F1520047C9DF /* GetProfileData.swift in Sources */ = {isa = PBXBuildFile; fileRef = 3627E4FD26B8F1520047C9DF /* GetProfileData.swift */; };
		3627E50026B969DB0047C9DF /* ScheduleNotice.swift in Sources */ = {isa = PBXBuildFile; fileRef = 3627E4FF26B969DB0047C9DF /* ScheduleNotice.swift */; };
		3627E50226B969E50047C9DF /* GetScheduleNotice.swift in Sources */ = {isa = PBXBuildFile; fileRef = 3627E50126B969E50047C9DF /* GetScheduleNotice.swift */; };
		3627E50426B9A0AF0047C9DF /* AccesDenineDataModel.swift in Sources */ = {isa = PBXBuildFile; fileRef = 3627E50326B9A0AF0047C9DF /* AccesDenineDataModel.swift */; };
		3627E50626B9A0DD0047C9DF /* PostAccessDenineDataService.swift in Sources */ = {isa = PBXBuildFile; fileRef = 3627E50526B9A0DD0047C9DF /* PostAccessDenineDataService.swift */; };
		3627E50826B9B2B90047C9DF /* InviteDataModel.swift in Sources */ = {isa = PBXBuildFile; fileRef = 3627E50726B9B2B90047C9DF /* InviteDataModel.swift */; };
		3627E50A26B9B2C60047C9DF /* GetInviteDataService.swift in Sources */ = {isa = PBXBuildFile; fileRef = 3627E50926B9B2C60047C9DF /* GetInviteDataService.swift */; };
		3627E50C26B9C0CD0047C9DF /* InviteCountModel.swift in Sources */ = {isa = PBXBuildFile; fileRef = 3627E50B26B9C0CD0047C9DF /* InviteCountModel.swift */; };
		3627E50E26B9C0D90047C9DF /* GetInviteCountService.swift in Sources */ = {isa = PBXBuildFile; fileRef = 3627E50D26B9C0D90047C9DF /* GetInviteCountService.swift */; };
		3627E51026B9CA890047C9DF /* KakaoLogoutModel.swift in Sources */ = {isa = PBXBuildFile; fileRef = 3627E50F26B9CA890047C9DF /* KakaoLogoutModel.swift */; };
		3627E51226B9CAA50047C9DF /* KakaoLogOutService.swift in Sources */ = {isa = PBXBuildFile; fileRef = 3627E51126B9CAA50047C9DF /* KakaoLogOutService.swift */; };
		3627E51426BBB7690047C9DF /* AskApn.storyboard in Resources */ = {isa = PBXBuildFile; fileRef = 3627E51326BBB7690047C9DF /* AskApn.storyboard */; };
		3627E51626BBB77D0047C9DF /* AskApnVC.swift in Sources */ = {isa = PBXBuildFile; fileRef = 3627E51526BBB77D0047C9DF /* AskApnVC.swift */; };
		3627E51826BBCFE60047C9DF /* AddMyscheduleDataModel.swift in Sources */ = {isa = PBXBuildFile; fileRef = 3627E51726BBCFE60047C9DF /* AddMyscheduleDataModel.swift */; };
		3627E51A26BBCFF00047C9DF /* AddMyScheduleDataService.swift in Sources */ = {isa = PBXBuildFile; fileRef = 3627E51926BBCFF00047C9DF /* AddMyScheduleDataService.swift */; };
		3627E51E26BBD77E0047C9DF /* BlockSchedule.storyboard in Resources */ = {isa = PBXBuildFile; fileRef = 3627E51D26BBD77E0047C9DF /* BlockSchedule.storyboard */; };
		3627E52026BBD7910047C9DF /* BlockScheduleVC.swift in Sources */ = {isa = PBXBuildFile; fileRef = 3627E51F26BBD7910047C9DF /* BlockScheduleVC.swift */; };
		3627E52226BBD9D70047C9DF /* TermPicker.storyboard in Resources */ = {isa = PBXBuildFile; fileRef = 3627E52126BBD9D70047C9DF /* TermPicker.storyboard */; };
		3627E52426BBD9E80047C9DF /* TermPickerVC.swift in Sources */ = {isa = PBXBuildFile; fileRef = 3627E52326BBD9E80047C9DF /* TermPickerVC.swift */; };
		3627E52826BBDEB80047C9DF /* PostBlockData.swift in Sources */ = {isa = PBXBuildFile; fileRef = 3627E52726BBDEB80047C9DF /* PostBlockData.swift */; };
		3627E52A26BBDEC50047C9DF /* PostBlockDataService.swift in Sources */ = {isa = PBXBuildFile; fileRef = 3627E52926BBDEC50047C9DF /* PostBlockDataService.swift */; };
		3627E52F26BBF51F0047C9DF /* AppleLoginService.swift in Sources */ = {isa = PBXBuildFile; fileRef = 3627E52E26BBF51F0047C9DF /* AppleLoginService.swift */; };
		3627E53126BC0D9F0047C9DF /* BlockScheduleDataModel.swift in Sources */ = {isa = PBXBuildFile; fileRef = 3627E53026BC0D9F0047C9DF /* BlockScheduleDataModel.swift */; };
		3627E53326BC0DAD0047C9DF /* GetBlockScheduleDataService.swift in Sources */ = {isa = PBXBuildFile; fileRef = 3627E53226BC0DAD0047C9DF /* GetBlockScheduleDataService.swift */; };
		362E81BA26BDAB2C0058DAC6 /* HomeNotScheduleTVC.swift in Sources */ = {isa = PBXBuildFile; fileRef = 362E81B826BDAB2C0058DAC6 /* HomeNotScheduleTVC.swift */; };
		362E81BB26BDAB2C0058DAC6 /* HomeNotScheduleTVC.xib in Resources */ = {isa = PBXBuildFile; fileRef = 362E81B926BDAB2C0058DAC6 /* HomeNotScheduleTVC.xib */; };
		363D26DA26B40702009C2F90 /* Calendar.storyboard in Resources */ = {isa = PBXBuildFile; fileRef = 363D26D926B40702009C2F90 /* Calendar.storyboard */; };
		363D26DC26B40718009C2F90 /* CalendarVC.swift in Sources */ = {isa = PBXBuildFile; fileRef = 363D26DB26B40718009C2F90 /* CalendarVC.swift */; };
		363D26DF26B4169F009C2F90 /* myScheduleTVC.swift in Sources */ = {isa = PBXBuildFile; fileRef = 363D26DD26B4169F009C2F90 /* myScheduleTVC.swift */; };
		363D26E026B4169F009C2F90 /* myScheduleTVC.xib in Resources */ = {isa = PBXBuildFile; fileRef = 363D26DE26B4169F009C2F90 /* myScheduleTVC.xib */; };
		363D26E326B416BE009C2F90 /* NoScheduleTVC.swift in Sources */ = {isa = PBXBuildFile; fileRef = 363D26E126B416BE009C2F90 /* NoScheduleTVC.swift */; };
		363D26E426B416BE009C2F90 /* NoScheduleTVC.xib in Resources */ = {isa = PBXBuildFile; fileRef = 363D26E226B416BE009C2F90 /* NoScheduleTVC.xib */; };
		363D26E626B52081009C2F90 /* EventCalendarModel.swift in Sources */ = {isa = PBXBuildFile; fileRef = 363D26E526B52081009C2F90 /* EventCalendarModel.swift */; };
		363D26E826B53012009C2F90 /* AddSchedule.storyboard in Resources */ = {isa = PBXBuildFile; fileRef = 363D26E726B53012009C2F90 /* AddSchedule.storyboard */; };
		363D26EA26B5302B009C2F90 /* AddScheduleVC.swift in Sources */ = {isa = PBXBuildFile; fileRef = 363D26E926B5302B009C2F90 /* AddScheduleVC.swift */; };
		363D26EC26B6808F009C2F90 /* DatePicker.storyboard in Resources */ = {isa = PBXBuildFile; fileRef = 363D26EB26B6808F009C2F90 /* DatePicker.storyboard */; };
		363D26EE26B680A4009C2F90 /* DatePickerVC.swift in Sources */ = {isa = PBXBuildFile; fileRef = 363D26ED26B680A4009C2F90 /* DatePickerVC.swift */; };
		363D26F826B6F86D009C2F90 /* ScheduleDetail.storyboard in Resources */ = {isa = PBXBuildFile; fileRef = 363D26F726B6F86D009C2F90 /* ScheduleDetail.storyboard */; };
		363D26FA26B6F880009C2F90 /* ScheduleDetailVC.swift in Sources */ = {isa = PBXBuildFile; fileRef = 363D26F926B6F880009C2F90 /* ScheduleDetailVC.swift */; };
		366534A726C0043600FE18C8 /* Extension+UIViewController.swift in Sources */ = {isa = PBXBuildFile; fileRef = 366534A626C0043600FE18C8 /* Extension+UIViewController.swift */; };
		367F23AC26C43D260054AE99 /* DetailCalendar.storyboard in Resources */ = {isa = PBXBuildFile; fileRef = 367F23AB26C43D260054AE99 /* DetailCalendar.storyboard */; };
		367F23AE26C43D410054AE99 /* DetailCalendarVC.swift in Sources */ = {isa = PBXBuildFile; fileRef = 367F23AD26C43D410054AE99 /* DetailCalendarVC.swift */; };
		367F23B026C44D440054AE99 /* HomeNavigationController.swift in Sources */ = {isa = PBXBuildFile; fileRef = 367F23AF26C44D440054AE99 /* HomeNavigationController.swift */; };
		36D7FB9B26BF058B00E97E9E /* DeleteInviteService.swift in Sources */ = {isa = PBXBuildFile; fileRef = 36D7FB9A26BF058B00E97E9E /* DeleteInviteService.swift */; };
		36FB7F7126B03381001F2C39 /* AppDelegate.swift in Sources */ = {isa = PBXBuildFile; fileRef = 36FB7F7026B03381001F2C39 /* AppDelegate.swift */; };
		36FB7F7326B03381001F2C39 /* SceneDelegate.swift in Sources */ = {isa = PBXBuildFile; fileRef = 36FB7F7226B03381001F2C39 /* SceneDelegate.swift */; };
		36FB7F7526B03381001F2C39 /* ViewController.swift in Sources */ = {isa = PBXBuildFile; fileRef = 36FB7F7426B03381001F2C39 /* ViewController.swift */; };
		36FB7F7826B03381001F2C39 /* Main.storyboard in Resources */ = {isa = PBXBuildFile; fileRef = 36FB7F7626B03381001F2C39 /* Main.storyboard */; };
		36FB7F7A26B03381001F2C39 /* Assets.xcassets in Resources */ = {isa = PBXBuildFile; fileRef = 36FB7F7926B03381001F2C39 /* Assets.xcassets */; };
		36FB7F7D26B03381001F2C39 /* LaunchScreen.storyboard in Resources */ = {isa = PBXBuildFile; fileRef = 36FB7F7B26B03381001F2C39 /* LaunchScreen.storyboard */; };
		36FB7F9326B03645001F2C39 /* Home.storyboard in Resources */ = {isa = PBXBuildFile; fileRef = 36FB7F9226B03645001F2C39 /* Home.storyboard */; };
		36FB7F9526B04008001F2C39 /* HomeVC.swift in Sources */ = {isa = PBXBuildFile; fileRef = 36FB7F9426B04008001F2C39 /* HomeVC.swift */; };
		36FB7F9926B0415D001F2C39 /* GmarketSansTTFLight.ttf in Resources */ = {isa = PBXBuildFile; fileRef = 36FB7F9626B0415D001F2C39 /* GmarketSansTTFLight.ttf */; };
		36FB7F9A26B0415D001F2C39 /* GmarketSansTTFMedium.ttf in Resources */ = {isa = PBXBuildFile; fileRef = 36FB7F9726B0415D001F2C39 /* GmarketSansTTFMedium.ttf */; };
		36FB7F9B26B0415D001F2C39 /* GmarketSansTTFBold.ttf in Resources */ = {isa = PBXBuildFile; fileRef = 36FB7F9826B0415D001F2C39 /* GmarketSansTTFBold.ttf */; };
		36FB7F9D26B0496F001F2C39 /* Extension+UIColor.swift in Sources */ = {isa = PBXBuildFile; fileRef = 36FB7F9C26B0496F001F2C39 /* Extension+UIColor.swift */; };
		36FB7F9F26B04986001F2C39 /* Extension+UIFont.swift in Sources */ = {isa = PBXBuildFile; fileRef = 36FB7F9E26B04986001F2C39 /* Extension+UIFont.swift */; };
		36FB7FA226B076A2001F2C39 /* HomeTVC.swift in Sources */ = {isa = PBXBuildFile; fileRef = 36FB7FA026B076A2001F2C39 /* HomeTVC.swift */; };
		36FB7FA326B076A2001F2C39 /* HomeTVC.xib in Resources */ = {isa = PBXBuildFile; fileRef = 36FB7FA126B076A2001F2C39 /* HomeTVC.xib */; };
		36FB7FA526B07A11001F2C39 /* Extension+TableView.swift in Sources */ = {isa = PBXBuildFile; fileRef = 36FB7FA426B07A11001F2C39 /* Extension+TableView.swift */; };
		36FB7FA726B07B5C001F2C39 /* HomeDataModel.swift in Sources */ = {isa = PBXBuildFile; fileRef = 36FB7FA626B07B5C001F2C39 /* HomeDataModel.swift */; };
		36FB7FA926B07B7E001F2C39 /* NetworkResult.swift in Sources */ = {isa = PBXBuildFile; fileRef = 36FB7FA826B07B7E001F2C39 /* NetworkResult.swift */; };
		36FB7FAB26B07B98001F2C39 /* Constants.swift in Sources */ = {isa = PBXBuildFile; fileRef = 36FB7FAA26B07B98001F2C39 /* Constants.swift */; };
		36FB7FAD26B11D0C001F2C39 /* Setting.storyboard in Resources */ = {isa = PBXBuildFile; fileRef = 36FB7FAC26B11D0C001F2C39 /* Setting.storyboard */; };
		36FB7FAF26B11D57001F2C39 /* SettingVC.swift in Sources */ = {isa = PBXBuildFile; fileRef = 36FB7FAE26B11D57001F2C39 /* SettingVC.swift */; };
		36FB7FB126B17C6F001F2C39 /* Login.storyboard in Resources */ = {isa = PBXBuildFile; fileRef = 36FB7FB026B17C6F001F2C39 /* Login.storyboard */; };
		36FB7FB326B17C90001F2C39 /* LoginVC.swift in Sources */ = {isa = PBXBuildFile; fileRef = 36FB7FB226B17C90001F2C39 /* LoginVC.swift */; };
		36FB7FB526B18578001F2C39 /* KakaoLogin.storyboard in Resources */ = {isa = PBXBuildFile; fileRef = 36FB7FB426B18578001F2C39 /* KakaoLogin.storyboard */; };
		36FB7FB726B18589001F2C39 /* KakaoLoginVC.swift in Sources */ = {isa = PBXBuildFile; fileRef = 36FB7FB626B18589001F2C39 /* KakaoLoginVC.swift */; };
		36FB7FB926B18CE8001F2C39 /* KakaoLoginDataModel.swift in Sources */ = {isa = PBXBuildFile; fileRef = 36FB7FB826B18CE8001F2C39 /* KakaoLoginDataModel.swift */; };
		36FB7FBB26B18D6B001F2C39 /* KakaoLoginService.swift in Sources */ = {isa = PBXBuildFile; fileRef = 36FB7FBA26B18D6B001F2C39 /* KakaoLoginService.swift */; };
		36FB7FBD26B1A8A1001F2C39 /* Splash.storyboard in Resources */ = {isa = PBXBuildFile; fileRef = 36FB7FBC26B1A8A1001F2C39 /* Splash.storyboard */; };
		36FB7FBF26B1A8B5001F2C39 /* SplashVC.swift in Sources */ = {isa = PBXBuildFile; fileRef = 36FB7FBE26B1A8B5001F2C39 /* SplashVC.swift */; };
		36FB7FC126B1ABCD001F2C39 /* DeviceConfig.swift in Sources */ = {isa = PBXBuildFile; fileRef = 36FB7FC026B1ABCD001F2C39 /* DeviceConfig.swift */; };
		36FB7FC326B1B7DA001F2C39 /* UpdateTokenModel.swift in Sources */ = {isa = PBXBuildFile; fileRef = 36FB7FC226B1B7DA001F2C39 /* UpdateTokenModel.swift */; };
		36FB7FC526B1B7FB001F2C39 /* GetNewTokenService.swift in Sources */ = {isa = PBXBuildFile; fileRef = 36FB7FC426B1B7FB001F2C39 /* GetNewTokenService.swift */; };
		36FB7FC926B286F6001F2C39 /* GetScheduleDataService.swift in Sources */ = {isa = PBXBuildFile; fileRef = 36FB7FC826B286F6001F2C39 /* GetScheduleDataService.swift */; };
		C7E8A063BCEED6FD6ACFDBDD /* Pods_Awesome.framework in Frameworks */ = {isa = PBXBuildFile; fileRef = FAC5206CBDA6D5C6D241848D /* Pods_Awesome.framework */; };
/* End PBXBuildFile section */

/* Begin PBXFileReference section */
		361DDA7926BE9401002673C4 /* PostTokenDatamodel.swift */ = {isa = PBXFileReference; lastKnownFileType = sourcecode.swift; path = PostTokenDatamodel.swift; sourceTree = "<group>"; };
		361DDA7B26BE940B002673C4 /* PostTokenDataService.swift */ = {isa = PBXFileReference; lastKnownFileType = sourcecode.swift; path = PostTokenDataService.swift; sourceTree = "<group>"; };
		3627E4FB26B8F13A0047C9DF /* UserProfile.swift */ = {isa = PBXFileReference; lastKnownFileType = sourcecode.swift; path = UserProfile.swift; sourceTree = "<group>"; };
		3627E4FD26B8F1520047C9DF /* GetProfileData.swift */ = {isa = PBXFileReference; lastKnownFileType = sourcecode.swift; path = GetProfileData.swift; sourceTree = "<group>"; };
		3627E4FF26B969DB0047C9DF /* ScheduleNotice.swift */ = {isa = PBXFileReference; lastKnownFileType = sourcecode.swift; path = ScheduleNotice.swift; sourceTree = "<group>"; };
		3627E50126B969E50047C9DF /* GetScheduleNotice.swift */ = {isa = PBXFileReference; lastKnownFileType = sourcecode.swift; path = GetScheduleNotice.swift; sourceTree = "<group>"; };
		3627E50326B9A0AF0047C9DF /* AccesDenineDataModel.swift */ = {isa = PBXFileReference; lastKnownFileType = sourcecode.swift; path = AccesDenineDataModel.swift; sourceTree = "<group>"; };
		3627E50526B9A0DD0047C9DF /* PostAccessDenineDataService.swift */ = {isa = PBXFileReference; lastKnownFileType = sourcecode.swift; path = PostAccessDenineDataService.swift; sourceTree = "<group>"; };
		3627E50726B9B2B90047C9DF /* InviteDataModel.swift */ = {isa = PBXFileReference; lastKnownFileType = sourcecode.swift; path = InviteDataModel.swift; sourceTree = "<group>"; };
		3627E50926B9B2C60047C9DF /* GetInviteDataService.swift */ = {isa = PBXFileReference; lastKnownFileType = sourcecode.swift; path = GetInviteDataService.swift; sourceTree = "<group>"; };
		3627E50B26B9C0CD0047C9DF /* InviteCountModel.swift */ = {isa = PBXFileReference; lastKnownFileType = sourcecode.swift; path = InviteCountModel.swift; sourceTree = "<group>"; };
		3627E50D26B9C0D90047C9DF /* GetInviteCountService.swift */ = {isa = PBXFileReference; lastKnownFileType = sourcecode.swift; path = GetInviteCountService.swift; sourceTree = "<group>"; };
		3627E50F26B9CA890047C9DF /* KakaoLogoutModel.swift */ = {isa = PBXFileReference; lastKnownFileType = sourcecode.swift; path = KakaoLogoutModel.swift; sourceTree = "<group>"; };
		3627E51126B9CAA50047C9DF /* KakaoLogOutService.swift */ = {isa = PBXFileReference; lastKnownFileType = sourcecode.swift; path = KakaoLogOutService.swift; sourceTree = "<group>"; };
		3627E51326BBB7690047C9DF /* AskApn.storyboard */ = {isa = PBXFileReference; lastKnownFileType = file.storyboard; path = AskApn.storyboard; sourceTree = "<group>"; };
		3627E51526BBB77D0047C9DF /* AskApnVC.swift */ = {isa = PBXFileReference; lastKnownFileType = sourcecode.swift; path = AskApnVC.swift; sourceTree = "<group>"; };
		3627E51726BBCFE60047C9DF /* AddMyscheduleDataModel.swift */ = {isa = PBXFileReference; lastKnownFileType = sourcecode.swift; path = AddMyscheduleDataModel.swift; sourceTree = "<group>"; };
		3627E51926BBCFF00047C9DF /* AddMyScheduleDataService.swift */ = {isa = PBXFileReference; lastKnownFileType = sourcecode.swift; path = AddMyScheduleDataService.swift; sourceTree = "<group>"; };
		3627E51D26BBD77E0047C9DF /* BlockSchedule.storyboard */ = {isa = PBXFileReference; lastKnownFileType = file.storyboard; path = BlockSchedule.storyboard; sourceTree = "<group>"; };
		3627E51F26BBD7910047C9DF /* BlockScheduleVC.swift */ = {isa = PBXFileReference; lastKnownFileType = sourcecode.swift; path = BlockScheduleVC.swift; sourceTree = "<group>"; };
		3627E52126BBD9D70047C9DF /* TermPicker.storyboard */ = {isa = PBXFileReference; lastKnownFileType = file.storyboard; path = TermPicker.storyboard; sourceTree = "<group>"; };
		3627E52326BBD9E80047C9DF /* TermPickerVC.swift */ = {isa = PBXFileReference; lastKnownFileType = sourcecode.swift; path = TermPickerVC.swift; sourceTree = "<group>"; };
		3627E52726BBDEB80047C9DF /* PostBlockData.swift */ = {isa = PBXFileReference; lastKnownFileType = sourcecode.swift; path = PostBlockData.swift; sourceTree = "<group>"; };
		3627E52926BBDEC50047C9DF /* PostBlockDataService.swift */ = {isa = PBXFileReference; lastKnownFileType = sourcecode.swift; path = PostBlockDataService.swift; sourceTree = "<group>"; };
		3627E52B26BBF1B90047C9DF /* Awesome.entitlements */ = {isa = PBXFileReference; lastKnownFileType = text.plist.entitlements; path = Awesome.entitlements; sourceTree = "<group>"; };
		3627E52E26BBF51F0047C9DF /* AppleLoginService.swift */ = {isa = PBXFileReference; lastKnownFileType = sourcecode.swift; path = AppleLoginService.swift; sourceTree = "<group>"; };
		3627E53026BC0D9F0047C9DF /* BlockScheduleDataModel.swift */ = {isa = PBXFileReference; lastKnownFileType = sourcecode.swift; path = BlockScheduleDataModel.swift; sourceTree = "<group>"; };
		3627E53226BC0DAD0047C9DF /* GetBlockScheduleDataService.swift */ = {isa = PBXFileReference; lastKnownFileType = sourcecode.swift; path = GetBlockScheduleDataService.swift; sourceTree = "<group>"; };
		362E81B826BDAB2C0058DAC6 /* HomeNotScheduleTVC.swift */ = {isa = PBXFileReference; lastKnownFileType = sourcecode.swift; path = HomeNotScheduleTVC.swift; sourceTree = "<group>"; };
		362E81B926BDAB2C0058DAC6 /* HomeNotScheduleTVC.xib */ = {isa = PBXFileReference; lastKnownFileType = file.xib; path = HomeNotScheduleTVC.xib; sourceTree = "<group>"; };
		363D26D926B40702009C2F90 /* Calendar.storyboard */ = {isa = PBXFileReference; lastKnownFileType = file.storyboard; path = Calendar.storyboard; sourceTree = "<group>"; };
		363D26DB26B40718009C2F90 /* CalendarVC.swift */ = {isa = PBXFileReference; lastKnownFileType = sourcecode.swift; path = CalendarVC.swift; sourceTree = "<group>"; };
		363D26DD26B4169F009C2F90 /* myScheduleTVC.swift */ = {isa = PBXFileReference; lastKnownFileType = sourcecode.swift; path = myScheduleTVC.swift; sourceTree = "<group>"; };
		363D26DE26B4169F009C2F90 /* myScheduleTVC.xib */ = {isa = PBXFileReference; lastKnownFileType = file.xib; path = myScheduleTVC.xib; sourceTree = "<group>"; };
		363D26E126B416BE009C2F90 /* NoScheduleTVC.swift */ = {isa = PBXFileReference; lastKnownFileType = sourcecode.swift; path = NoScheduleTVC.swift; sourceTree = "<group>"; };
		363D26E226B416BE009C2F90 /* NoScheduleTVC.xib */ = {isa = PBXFileReference; lastKnownFileType = file.xib; path = NoScheduleTVC.xib; sourceTree = "<group>"; };
		363D26E526B52081009C2F90 /* EventCalendarModel.swift */ = {isa = PBXFileReference; lastKnownFileType = sourcecode.swift; path = EventCalendarModel.swift; sourceTree = "<group>"; };
		363D26E726B53012009C2F90 /* AddSchedule.storyboard */ = {isa = PBXFileReference; lastKnownFileType = file.storyboard; path = AddSchedule.storyboard; sourceTree = "<group>"; };
		363D26E926B5302B009C2F90 /* AddScheduleVC.swift */ = {isa = PBXFileReference; lastKnownFileType = sourcecode.swift; path = AddScheduleVC.swift; sourceTree = "<group>"; };
		363D26EB26B6808F009C2F90 /* DatePicker.storyboard */ = {isa = PBXFileReference; lastKnownFileType = file.storyboard; path = DatePicker.storyboard; sourceTree = "<group>"; };
		363D26ED26B680A4009C2F90 /* DatePickerVC.swift */ = {isa = PBXFileReference; lastKnownFileType = sourcecode.swift; path = DatePickerVC.swift; sourceTree = "<group>"; };
		363D26F726B6F86D009C2F90 /* ScheduleDetail.storyboard */ = {isa = PBXFileReference; lastKnownFileType = file.storyboard; path = ScheduleDetail.storyboard; sourceTree = "<group>"; };
		363D26F926B6F880009C2F90 /* ScheduleDetailVC.swift */ = {isa = PBXFileReference; lastKnownFileType = sourcecode.swift; path = ScheduleDetailVC.swift; sourceTree = "<group>"; };
		366534A626C0043600FE18C8 /* Extension+UIViewController.swift */ = {isa = PBXFileReference; lastKnownFileType = sourcecode.swift; path = "Extension+UIViewController.swift"; sourceTree = "<group>"; };
		367F23AB26C43D260054AE99 /* DetailCalendar.storyboard */ = {isa = PBXFileReference; lastKnownFileType = file.storyboard; path = DetailCalendar.storyboard; sourceTree = "<group>"; };
		367F23AD26C43D410054AE99 /* DetailCalendarVC.swift */ = {isa = PBXFileReference; lastKnownFileType = sourcecode.swift; path = DetailCalendarVC.swift; sourceTree = "<group>"; };
		367F23AF26C44D440054AE99 /* HomeNavigationController.swift */ = {isa = PBXFileReference; lastKnownFileType = sourcecode.swift; path = HomeNavigationController.swift; sourceTree = "<group>"; };
		36D7FB9A26BF058B00E97E9E /* DeleteInviteService.swift */ = {isa = PBXFileReference; lastKnownFileType = sourcecode.swift; path = DeleteInviteService.swift; sourceTree = "<group>"; };
		36FB7F6D26B03381001F2C39 /* Awesome.app */ = {isa = PBXFileReference; explicitFileType = wrapper.application; includeInIndex = 0; path = Awesome.app; sourceTree = BUILT_PRODUCTS_DIR; };
		36FB7F7026B03381001F2C39 /* AppDelegate.swift */ = {isa = PBXFileReference; lastKnownFileType = sourcecode.swift; path = AppDelegate.swift; sourceTree = "<group>"; };
		36FB7F7226B03381001F2C39 /* SceneDelegate.swift */ = {isa = PBXFileReference; lastKnownFileType = sourcecode.swift; path = SceneDelegate.swift; sourceTree = "<group>"; };
		36FB7F7426B03381001F2C39 /* ViewController.swift */ = {isa = PBXFileReference; lastKnownFileType = sourcecode.swift; path = ViewController.swift; sourceTree = "<group>"; };
		36FB7F7726B03381001F2C39 /* Base */ = {isa = PBXFileReference; lastKnownFileType = file.storyboard; name = Base; path = Base.lproj/Main.storyboard; sourceTree = "<group>"; };
		36FB7F7926B03381001F2C39 /* Assets.xcassets */ = {isa = PBXFileReference; lastKnownFileType = folder.assetcatalog; path = Assets.xcassets; sourceTree = "<group>"; };
		36FB7F7C26B03381001F2C39 /* Base */ = {isa = PBXFileReference; lastKnownFileType = file.storyboard; name = Base; path = Base.lproj/LaunchScreen.storyboard; sourceTree = "<group>"; };
		36FB7F7E26B03381001F2C39 /* Info.plist */ = {isa = PBXFileReference; lastKnownFileType = text.plist.xml; path = Info.plist; sourceTree = "<group>"; };
		36FB7F9226B03645001F2C39 /* Home.storyboard */ = {isa = PBXFileReference; lastKnownFileType = file.storyboard; path = Home.storyboard; sourceTree = "<group>"; };
		36FB7F9426B04008001F2C39 /* HomeVC.swift */ = {isa = PBXFileReference; lastKnownFileType = sourcecode.swift; path = HomeVC.swift; sourceTree = "<group>"; };
		36FB7F9626B0415D001F2C39 /* GmarketSansTTFLight.ttf */ = {isa = PBXFileReference; lastKnownFileType = file; name = GmarketSansTTFLight.ttf; path = "../../../../../../Downloads/GmarketSansTTF 2/GmarketSansTTFLight.ttf"; sourceTree = "<group>"; };
		36FB7F9726B0415D001F2C39 /* GmarketSansTTFMedium.ttf */ = {isa = PBXFileReference; lastKnownFileType = file; name = GmarketSansTTFMedium.ttf; path = "../../../../../../Downloads/GmarketSansTTF 2/GmarketSansTTFMedium.ttf"; sourceTree = "<group>"; };
		36FB7F9826B0415D001F2C39 /* GmarketSansTTFBold.ttf */ = {isa = PBXFileReference; lastKnownFileType = file; name = GmarketSansTTFBold.ttf; path = "../../../../../../Downloads/GmarketSansTTF 2/GmarketSansTTFBold.ttf"; sourceTree = "<group>"; };
		36FB7F9C26B0496F001F2C39 /* Extension+UIColor.swift */ = {isa = PBXFileReference; lastKnownFileType = sourcecode.swift; path = "Extension+UIColor.swift"; sourceTree = "<group>"; };
		36FB7F9E26B04986001F2C39 /* Extension+UIFont.swift */ = {isa = PBXFileReference; lastKnownFileType = sourcecode.swift; path = "Extension+UIFont.swift"; sourceTree = "<group>"; };
		36FB7FA026B076A2001F2C39 /* HomeTVC.swift */ = {isa = PBXFileReference; lastKnownFileType = sourcecode.swift; path = HomeTVC.swift; sourceTree = "<group>"; };
		36FB7FA126B076A2001F2C39 /* HomeTVC.xib */ = {isa = PBXFileReference; lastKnownFileType = file.xib; path = HomeTVC.xib; sourceTree = "<group>"; };
		36FB7FA426B07A11001F2C39 /* Extension+TableView.swift */ = {isa = PBXFileReference; lastKnownFileType = sourcecode.swift; path = "Extension+TableView.swift"; sourceTree = "<group>"; };
		36FB7FA626B07B5C001F2C39 /* HomeDataModel.swift */ = {isa = PBXFileReference; lastKnownFileType = sourcecode.swift; path = HomeDataModel.swift; sourceTree = "<group>"; };
		36FB7FA826B07B7E001F2C39 /* NetworkResult.swift */ = {isa = PBXFileReference; lastKnownFileType = sourcecode.swift; path = NetworkResult.swift; sourceTree = "<group>"; };
		36FB7FAA26B07B98001F2C39 /* Constants.swift */ = {isa = PBXFileReference; lastKnownFileType = sourcecode.swift; path = Constants.swift; sourceTree = "<group>"; };
		36FB7FAC26B11D0C001F2C39 /* Setting.storyboard */ = {isa = PBXFileReference; lastKnownFileType = file.storyboard; path = Setting.storyboard; sourceTree = "<group>"; };
		36FB7FAE26B11D57001F2C39 /* SettingVC.swift */ = {isa = PBXFileReference; lastKnownFileType = sourcecode.swift; path = SettingVC.swift; sourceTree = "<group>"; };
		36FB7FB026B17C6F001F2C39 /* Login.storyboard */ = {isa = PBXFileReference; lastKnownFileType = file.storyboard; path = Login.storyboard; sourceTree = "<group>"; };
		36FB7FB226B17C90001F2C39 /* LoginVC.swift */ = {isa = PBXFileReference; lastKnownFileType = sourcecode.swift; path = LoginVC.swift; sourceTree = "<group>"; };
		36FB7FB426B18578001F2C39 /* KakaoLogin.storyboard */ = {isa = PBXFileReference; lastKnownFileType = file.storyboard; path = KakaoLogin.storyboard; sourceTree = "<group>"; };
		36FB7FB626B18589001F2C39 /* KakaoLoginVC.swift */ = {isa = PBXFileReference; lastKnownFileType = sourcecode.swift; path = KakaoLoginVC.swift; sourceTree = "<group>"; };
		36FB7FB826B18CE8001F2C39 /* KakaoLoginDataModel.swift */ = {isa = PBXFileReference; lastKnownFileType = sourcecode.swift; path = KakaoLoginDataModel.swift; sourceTree = "<group>"; };
		36FB7FBA26B18D6B001F2C39 /* KakaoLoginService.swift */ = {isa = PBXFileReference; lastKnownFileType = sourcecode.swift; path = KakaoLoginService.swift; sourceTree = "<group>"; };
		36FB7FBC26B1A8A1001F2C39 /* Splash.storyboard */ = {isa = PBXFileReference; lastKnownFileType = file.storyboard; path = Splash.storyboard; sourceTree = "<group>"; };
		36FB7FBE26B1A8B5001F2C39 /* SplashVC.swift */ = {isa = PBXFileReference; lastKnownFileType = sourcecode.swift; path = SplashVC.swift; sourceTree = "<group>"; };
		36FB7FC026B1ABCD001F2C39 /* DeviceConfig.swift */ = {isa = PBXFileReference; lastKnownFileType = sourcecode.swift; path = DeviceConfig.swift; sourceTree = "<group>"; };
		36FB7FC226B1B7DA001F2C39 /* UpdateTokenModel.swift */ = {isa = PBXFileReference; lastKnownFileType = sourcecode.swift; path = UpdateTokenModel.swift; sourceTree = "<group>"; };
		36FB7FC426B1B7FB001F2C39 /* GetNewTokenService.swift */ = {isa = PBXFileReference; lastKnownFileType = sourcecode.swift; path = GetNewTokenService.swift; sourceTree = "<group>"; };
		36FB7FC826B286F6001F2C39 /* GetScheduleDataService.swift */ = {isa = PBXFileReference; lastKnownFileType = sourcecode.swift; path = GetScheduleDataService.swift; sourceTree = "<group>"; };
		CE663D472C4C0707FA6F5F24 /* Pods-Awesome.debug.xcconfig */ = {isa = PBXFileReference; includeInIndex = 1; lastKnownFileType = text.xcconfig; name = "Pods-Awesome.debug.xcconfig"; path = "Target Support Files/Pods-Awesome/Pods-Awesome.debug.xcconfig"; sourceTree = "<group>"; };
		F76C9BB4939BF52024F4A6B0 /* Pods-Awesome.release.xcconfig */ = {isa = PBXFileReference; includeInIndex = 1; lastKnownFileType = text.xcconfig; name = "Pods-Awesome.release.xcconfig"; path = "Target Support Files/Pods-Awesome/Pods-Awesome.release.xcconfig"; sourceTree = "<group>"; };
		FAC5206CBDA6D5C6D241848D /* Pods_Awesome.framework */ = {isa = PBXFileReference; explicitFileType = wrapper.framework; includeInIndex = 0; path = Pods_Awesome.framework; sourceTree = BUILT_PRODUCTS_DIR; };
/* End PBXFileReference section */

/* Begin PBXFrameworksBuildPhase section */
		36FB7F6A26B03381001F2C39 /* Frameworks */ = {
			isa = PBXFrameworksBuildPhase;
			buildActionMask = 2147483647;
			files = (
				C7E8A063BCEED6FD6ACFDBDD /* Pods_Awesome.framework in Frameworks */,
			);
			runOnlyForDeploymentPostprocessing = 0;
		};
/* End PBXFrameworksBuildPhase section */

/* Begin PBXGroup section */
		36FB7F6426B03381001F2C39 = {
			isa = PBXGroup;
			children = (
				36FB7F6F26B03381001F2C39 /* Awesome */,
				36FB7F6E26B03381001F2C39 /* Products */,
				C812C01365991C34930B46C9 /* Pods */,
				926BD69E94B073B265C5AB64 /* Frameworks */,
			);
			sourceTree = "<group>";
		};
		36FB7F6E26B03381001F2C39 /* Products */ = {
			isa = PBXGroup;
			children = (
				36FB7F6D26B03381001F2C39 /* Awesome.app */,
			);
			name = Products;
			sourceTree = "<group>";
		};
		36FB7F6F26B03381001F2C39 /* Awesome */ = {
			isa = PBXGroup;
			children = (
				3627E52B26BBF1B90047C9DF /* Awesome.entitlements */,
				36FB7F8426B033CB001F2C39 /* Source */,
				36FB7F8526B033D3001F2C39 /* Resource */,
				36FB7F7926B03381001F2C39 /* Assets.xcassets */,
				36FB7F7E26B03381001F2C39 /* Info.plist */,
			);
			path = Awesome;
			sourceTree = "<group>";
		};
		36FB7F8426B033CB001F2C39 /* Source */ = {
			isa = PBXGroup;
			children = (
				36FB7F8626B033E5001F2C39 /* Support */,
				36FB7F8B26B0340D001F2C39 /* Views */,
				36FB7F8926B033FF001F2C39 /* Services */,
				36FB7F8A26B03407001F2C39 /* Models */,
				36FB7F8826B033F7001F2C39 /* Extension */,
			);
			path = Source;
			sourceTree = "<group>";
		};
		36FB7F8526B033D3001F2C39 /* Resource */ = {
			isa = PBXGroup;
			children = (
				36FB7F8E26B03427001F2C39 /* Font */,
				36FB7F8D26B0341D001F2C39 /* Storyboards */,
				36FB7F8C26B03414001F2C39 /* Xibs */,
			);
			path = Resource;
			sourceTree = "<group>";
		};
		36FB7F8626B033E5001F2C39 /* Support */ = {
			isa = PBXGroup;
			children = (
				36FB7F7226B03381001F2C39 /* SceneDelegate.swift */,
				36FB7F7026B03381001F2C39 /* AppDelegate.swift */,
			);
			path = Support;
			sourceTree = "<group>";
		};
		36FB7F8826B033F7001F2C39 /* Extension */ = {
			isa = PBXGroup;
			children = (
				36FB7F9C26B0496F001F2C39 /* Extension+UIColor.swift */,
				36FB7F9E26B04986001F2C39 /* Extension+UIFont.swift */,
				36FB7FA426B07A11001F2C39 /* Extension+TableView.swift */,
				366534A626C0043600FE18C8 /* Extension+UIViewController.swift */,
				367F23AF26C44D440054AE99 /* HomeNavigationController.swift */,
			);
			path = Extension;
			sourceTree = "<group>";
		};
		36FB7F8926B033FF001F2C39 /* Services */ = {
			isa = PBXGroup;
			children = (
				36FB7FA826B07B7E001F2C39 /* NetworkResult.swift */,
				36FB7FAA26B07B98001F2C39 /* Constants.swift */,
				36FB7FBA26B18D6B001F2C39 /* KakaoLoginService.swift */,
				36FB7FC026B1ABCD001F2C39 /* DeviceConfig.swift */,
				36FB7FC426B1B7FB001F2C39 /* GetNewTokenService.swift */,
				36FB7FC826B286F6001F2C39 /* GetScheduleDataService.swift */,
				3627E4FD26B8F1520047C9DF /* GetProfileData.swift */,
				3627E50126B969E50047C9DF /* GetScheduleNotice.swift */,
				3627E50526B9A0DD0047C9DF /* PostAccessDenineDataService.swift */,
				3627E50926B9B2C60047C9DF /* GetInviteDataService.swift */,
				3627E50D26B9C0D90047C9DF /* GetInviteCountService.swift */,
				3627E51126B9CAA50047C9DF /* KakaoLogOutService.swift */,
				3627E51726BBCFE60047C9DF /* AddMyscheduleDataModel.swift */,
				3627E52926BBDEC50047C9DF /* PostBlockDataService.swift */,
				3627E52E26BBF51F0047C9DF /* AppleLoginService.swift */,
				3627E53226BC0DAD0047C9DF /* GetBlockScheduleDataService.swift */,
				361DDA7B26BE940B002673C4 /* PostTokenDataService.swift */,
				36D7FB9A26BF058B00E97E9E /* DeleteInviteService.swift */,
			);
			path = Services;
			sourceTree = "<group>";
		};
		36FB7F8A26B03407001F2C39 /* Models */ = {
			isa = PBXGroup;
			children = (
				36FB7FA626B07B5C001F2C39 /* HomeDataModel.swift */,
				36FB7FB826B18CE8001F2C39 /* KakaoLoginDataModel.swift */,
				36FB7FC226B1B7DA001F2C39 /* UpdateTokenModel.swift */,
				363D26E526B52081009C2F90 /* EventCalendarModel.swift */,
				3627E4FB26B8F13A0047C9DF /* UserProfile.swift */,
				3627E4FF26B969DB0047C9DF /* ScheduleNotice.swift */,
				3627E50326B9A0AF0047C9DF /* AccesDenineDataModel.swift */,
				3627E50726B9B2B90047C9DF /* InviteDataModel.swift */,
				3627E50B26B9C0CD0047C9DF /* InviteCountModel.swift */,
				3627E50F26B9CA890047C9DF /* KakaoLogoutModel.swift */,
				3627E51926BBCFF00047C9DF /* AddMyScheduleDataService.swift */,
				3627E52726BBDEB80047C9DF /* PostBlockData.swift */,
				3627E53026BC0D9F0047C9DF /* BlockScheduleDataModel.swift */,
				361DDA7926BE9401002673C4 /* PostTokenDatamodel.swift */,
			);
			path = Models;
			sourceTree = "<group>";
		};
		36FB7F8B26B0340D001F2C39 /* Views */ = {
			isa = PBXGroup;
			children = (
				36FB7F9126B03455001F2C39 /* Shared */,
				36FB7F9026B0344F001F2C39 /* Cells */,
				36FB7F8F26B03448001F2C39 /* VCs */,
			);
			path = Views;
			sourceTree = "<group>";
		};
		36FB7F8C26B03414001F2C39 /* Xibs */ = {
			isa = PBXGroup;
			children = (
				36FB7FA126B076A2001F2C39 /* HomeTVC.xib */,
				362E81B926BDAB2C0058DAC6 /* HomeNotScheduleTVC.xib */,
				363D26DE26B4169F009C2F90 /* myScheduleTVC.xib */,
				363D26E226B416BE009C2F90 /* NoScheduleTVC.xib */,
			);
			path = Xibs;
			sourceTree = "<group>";
		};
		36FB7F8D26B0341D001F2C39 /* Storyboards */ = {
			isa = PBXGroup;
			children = (
				36FB7F9226B03645001F2C39 /* Home.storyboard */,
				36FB7FAC26B11D0C001F2C39 /* Setting.storyboard */,
				36FB7F7626B03381001F2C39 /* Main.storyboard */,
				36FB7F7B26B03381001F2C39 /* LaunchScreen.storyboard */,
				36FB7FB026B17C6F001F2C39 /* Login.storyboard */,
				36FB7FB426B18578001F2C39 /* KakaoLogin.storyboard */,
				36FB7FBC26B1A8A1001F2C39 /* Splash.storyboard */,
				363D26D926B40702009C2F90 /* Calendar.storyboard */,
				363D26E726B53012009C2F90 /* AddSchedule.storyboard */,
				363D26EB26B6808F009C2F90 /* DatePicker.storyboard */,
				363D26F726B6F86D009C2F90 /* ScheduleDetail.storyboard */,
				3627E51326BBB7690047C9DF /* AskApn.storyboard */,
				3627E51D26BBD77E0047C9DF /* BlockSchedule.storyboard */,
				3627E52126BBD9D70047C9DF /* TermPicker.storyboard */,
				367F23AB26C43D260054AE99 /* DetailCalendar.storyboard */,
			);
			path = Storyboards;
			sourceTree = "<group>";
		};
		36FB7F8E26B03427001F2C39 /* Font */ = {
			isa = PBXGroup;
			children = (
				36FB7F9826B0415D001F2C39 /* GmarketSansTTFBold.ttf */,
				36FB7F9626B0415D001F2C39 /* GmarketSansTTFLight.ttf */,
				36FB7F9726B0415D001F2C39 /* GmarketSansTTFMedium.ttf */,
			);
			path = Font;
			sourceTree = "<group>";
		};
		36FB7F8F26B03448001F2C39 /* VCs */ = {
			isa = PBXGroup;
			children = (
				36FB7F7426B03381001F2C39 /* ViewController.swift */,
				36FB7F9426B04008001F2C39 /* HomeVC.swift */,
				36FB7FAE26B11D57001F2C39 /* SettingVC.swift */,
				36FB7FB226B17C90001F2C39 /* LoginVC.swift */,
				36FB7FB626B18589001F2C39 /* KakaoLoginVC.swift */,
				36FB7FBE26B1A8B5001F2C39 /* SplashVC.swift */,
				363D26DB26B40718009C2F90 /* CalendarVC.swift */,
				363D26E926B5302B009C2F90 /* AddScheduleVC.swift */,
				363D26ED26B680A4009C2F90 /* DatePickerVC.swift */,
				363D26F926B6F880009C2F90 /* ScheduleDetailVC.swift */,
				3627E51526BBB77D0047C9DF /* AskApnVC.swift */,
				3627E51F26BBD7910047C9DF /* BlockScheduleVC.swift */,
				3627E52326BBD9E80047C9DF /* TermPickerVC.swift */,
				367F23AD26C43D410054AE99 /* DetailCalendarVC.swift */,
			);
			path = VCs;
			sourceTree = "<group>";
		};
		36FB7F9026B0344F001F2C39 /* Cells */ = {
			isa = PBXGroup;
			children = (
				36FB7FA026B076A2001F2C39 /* HomeTVC.swift */,
				363D26DD26B4169F009C2F90 /* myScheduleTVC.swift */,
				363D26E126B416BE009C2F90 /* NoScheduleTVC.swift */,
				362E81B826BDAB2C0058DAC6 /* HomeNotScheduleTVC.swift */,
			);
			path = Cells;
			sourceTree = "<group>";
		};
		36FB7F9126B03455001F2C39 /* Shared */ = {
			isa = PBXGroup;
			children = (
			);
			path = Shared;
			sourceTree = "<group>";
		};
		926BD69E94B073B265C5AB64 /* Frameworks */ = {
			isa = PBXGroup;
			children = (
				FAC5206CBDA6D5C6D241848D /* Pods_Awesome.framework */,
			);
			name = Frameworks;
			sourceTree = "<group>";
		};
		C812C01365991C34930B46C9 /* Pods */ = {
			isa = PBXGroup;
			children = (
				CE663D472C4C0707FA6F5F24 /* Pods-Awesome.debug.xcconfig */,
				F76C9BB4939BF52024F4A6B0 /* Pods-Awesome.release.xcconfig */,
			);
			path = Pods;
			sourceTree = "<group>";
		};
/* End PBXGroup section */

/* Begin PBXNativeTarget section */
		36FB7F6C26B03381001F2C39 /* Awesome */ = {
			isa = PBXNativeTarget;
			buildConfigurationList = 36FB7F8126B03381001F2C39 /* Build configuration list for PBXNativeTarget "Awesome" */;
			buildPhases = (
				9CFA4C55A7D9728D6793DA4E /* [CP] Check Pods Manifest.lock */,
				36FB7F6926B03381001F2C39 /* Sources */,
				36FB7F6A26B03381001F2C39 /* Frameworks */,
				36FB7F6B26B03381001F2C39 /* Resources */,
				434A91D1717E545AEF35A712 /* [CP] Embed Pods Frameworks */,
			);
			buildRules = (
			);
			dependencies = (
			);
			name = Awesome;
			productName = Awesome;
			productReference = 36FB7F6D26B03381001F2C39 /* Awesome.app */;
			productType = "com.apple.product-type.application";
		};
/* End PBXNativeTarget section */

/* Begin PBXProject section */
		36FB7F6526B03381001F2C39 /* Project object */ = {
			isa = PBXProject;
			attributes = {
				LastSwiftUpdateCheck = 1250;
				LastUpgradeCheck = 1250;
				TargetAttributes = {
					36FB7F6C26B03381001F2C39 = {
						CreatedOnToolsVersion = 12.5;
					};
				};
			};
			buildConfigurationList = 36FB7F6826B03381001F2C39 /* Build configuration list for PBXProject "Awesome" */;
			compatibilityVersion = "Xcode 9.3";
			developmentRegion = en;
			hasScannedForEncodings = 0;
			knownRegions = (
				en,
				Base,
			);
			mainGroup = 36FB7F6426B03381001F2C39;
			productRefGroup = 36FB7F6E26B03381001F2C39 /* Products */;
			projectDirPath = "";
			projectRoot = "";
			targets = (
				36FB7F6C26B03381001F2C39 /* Awesome */,
			);
		};
/* End PBXProject section */

/* Begin PBXResourcesBuildPhase section */
		36FB7F6B26B03381001F2C39 /* Resources */ = {
			isa = PBXResourcesBuildPhase;
			buildActionMask = 2147483647;
			files = (
				36FB7F9B26B0415D001F2C39 /* GmarketSansTTFBold.ttf in Resources */,
				36FB7FB526B18578001F2C39 /* KakaoLogin.storyboard in Resources */,
				363D26EC26B6808F009C2F90 /* DatePicker.storyboard in Resources */,
				363D26E026B4169F009C2F90 /* myScheduleTVC.xib in Resources */,
				3627E51426BBB7690047C9DF /* AskApn.storyboard in Resources */,
				363D26E826B53012009C2F90 /* AddSchedule.storyboard in Resources */,
				36FB7F7D26B03381001F2C39 /* LaunchScreen.storyboard in Resources */,
				3627E51E26BBD77E0047C9DF /* BlockSchedule.storyboard in Resources */,
				36FB7FA326B076A2001F2C39 /* HomeTVC.xib in Resources */,
				3627E52226BBD9D70047C9DF /* TermPicker.storyboard in Resources */,
				36FB7F9926B0415D001F2C39 /* GmarketSansTTFLight.ttf in Resources */,
				36FB7F7A26B03381001F2C39 /* Assets.xcassets in Resources */,
				36FB7FAD26B11D0C001F2C39 /* Setting.storyboard in Resources */,
				36FB7F7826B03381001F2C39 /* Main.storyboard in Resources */,
				363D26F826B6F86D009C2F90 /* ScheduleDetail.storyboard in Resources */,
				363D26E426B416BE009C2F90 /* NoScheduleTVC.xib in Resources */,
				36FB7F9326B03645001F2C39 /* Home.storyboard in Resources */,
				367F23AC26C43D260054AE99 /* DetailCalendar.storyboard in Resources */,
				362E81BB26BDAB2C0058DAC6 /* HomeNotScheduleTVC.xib in Resources */,
				36FB7FB126B17C6F001F2C39 /* Login.storyboard in Resources */,
				36FB7F9A26B0415D001F2C39 /* GmarketSansTTFMedium.ttf in Resources */,
				363D26DA26B40702009C2F90 /* Calendar.storyboard in Resources */,
				36FB7FBD26B1A8A1001F2C39 /* Splash.storyboard in Resources */,
			);
			runOnlyForDeploymentPostprocessing = 0;
		};
/* End PBXResourcesBuildPhase section */

/* Begin PBXShellScriptBuildPhase section */
		434A91D1717E545AEF35A712 /* [CP] Embed Pods Frameworks */ = {
			isa = PBXShellScriptBuildPhase;
			buildActionMask = 2147483647;
			files = (
			);
			inputFileListPaths = (
				"${PODS_ROOT}/Target Support Files/Pods-Awesome/Pods-Awesome-frameworks-${CONFIGURATION}-input-files.xcfilelist",
			);
			name = "[CP] Embed Pods Frameworks";
			outputFileListPaths = (
				"${PODS_ROOT}/Target Support Files/Pods-Awesome/Pods-Awesome-frameworks-${CONFIGURATION}-output-files.xcfilelist",
			);
			runOnlyForDeploymentPostprocessing = 0;
			shellPath = /bin/sh;
			shellScript = "\"${PODS_ROOT}/Target Support Files/Pods-Awesome/Pods-Awesome-frameworks.sh\"\n";
			showEnvVarsInLog = 0;
		};
		9CFA4C55A7D9728D6793DA4E /* [CP] Check Pods Manifest.lock */ = {
			isa = PBXShellScriptBuildPhase;
			buildActionMask = 2147483647;
			files = (
			);
			inputFileListPaths = (
			);
			inputPaths = (
				"${PODS_PODFILE_DIR_PATH}/Podfile.lock",
				"${PODS_ROOT}/Manifest.lock",
			);
			name = "[CP] Check Pods Manifest.lock";
			outputFileListPaths = (
			);
			outputPaths = (
				"$(DERIVED_FILE_DIR)/Pods-Awesome-checkManifestLockResult.txt",
			);
			runOnlyForDeploymentPostprocessing = 0;
			shellPath = /bin/sh;
			shellScript = "diff \"${PODS_PODFILE_DIR_PATH}/Podfile.lock\" \"${PODS_ROOT}/Manifest.lock\" > /dev/null\nif [ $? != 0 ] ; then\n    # print error to STDERR\n    echo \"error: The sandbox is not in sync with the Podfile.lock. Run 'pod install' or update your CocoaPods installation.\" >&2\n    exit 1\nfi\n# This output is used by Xcode 'outputs' to avoid re-running this script phase.\necho \"SUCCESS\" > \"${SCRIPT_OUTPUT_FILE_0}\"\n";
			showEnvVarsInLog = 0;
		};
/* End PBXShellScriptBuildPhase section */

/* Begin PBXSourcesBuildPhase section */
		36FB7F6926B03381001F2C39 /* Sources */ = {
			isa = PBXSourcesBuildPhase;
			buildActionMask = 2147483647;
			files = (
				36FB7F7526B03381001F2C39 /* ViewController.swift in Sources */,
				3627E50C26B9C0CD0047C9DF /* InviteCountModel.swift in Sources */,
				36FB7FAF26B11D57001F2C39 /* SettingVC.swift in Sources */,
				3627E52826BBDEB80047C9DF /* PostBlockData.swift in Sources */,
				3627E50626B9A0DD0047C9DF /* PostAccessDenineDataService.swift in Sources */,
				3627E52F26BBF51F0047C9DF /* AppleLoginService.swift in Sources */,
				363D26DC26B40718009C2F90 /* CalendarVC.swift in Sources */,
				36FB7FAB26B07B98001F2C39 /* Constants.swift in Sources */,
				366534A726C0043600FE18C8 /* Extension+UIViewController.swift in Sources */,
				36FB7FC126B1ABCD001F2C39 /* DeviceConfig.swift in Sources */,
				36FB7FBB26B18D6B001F2C39 /* KakaoLoginService.swift in Sources */,
				36FB7FA926B07B7E001F2C39 /* NetworkResult.swift in Sources */,
				36D7FB9B26BF058B00E97E9E /* DeleteInviteService.swift in Sources */,
				3627E53326BC0DAD0047C9DF /* GetBlockScheduleDataService.swift in Sources */,
				363D26EA26B5302B009C2F90 /* AddScheduleVC.swift in Sources */,
				36FB7F9D26B0496F001F2C39 /* Extension+UIColor.swift in Sources */,
				3627E52A26BBDEC50047C9DF /* PostBlockDataService.swift in Sources */,
				3627E53126BC0D9F0047C9DF /* BlockScheduleDataModel.swift in Sources */,
				3627E51226B9CAA50047C9DF /* KakaoLogOutService.swift in Sources */,
				3627E51026B9CA890047C9DF /* KakaoLogoutModel.swift in Sources */,
				36FB7FA726B07B5C001F2C39 /* HomeDataModel.swift in Sources */,
				361DDA7A26BE9401002673C4 /* PostTokenDatamodel.swift in Sources */,
				36FB7FC926B286F6001F2C39 /* GetScheduleDataService.swift in Sources */,
				3627E50226B969E50047C9DF /* GetScheduleNotice.swift in Sources */,
				36FB7FA226B076A2001F2C39 /* HomeTVC.swift in Sources */,
				363D26E626B52081009C2F90 /* EventCalendarModel.swift in Sources */,
				36FB7FC326B1B7DA001F2C39 /* UpdateTokenModel.swift in Sources */,
				3627E50026B969DB0047C9DF /* ScheduleNotice.swift in Sources */,
				36FB7F9526B04008001F2C39 /* HomeVC.swift in Sources */,
				361DDA7C26BE940B002673C4 /* PostTokenDataService.swift in Sources */,
				3627E4FC26B8F13A0047C9DF /* UserProfile.swift in Sources */,
				362E81BA26BDAB2C0058DAC6 /* HomeNotScheduleTVC.swift in Sources */,
				36FB7F7126B03381001F2C39 /* AppDelegate.swift in Sources */,
				363D26EE26B680A4009C2F90 /* DatePickerVC.swift in Sources */,
				363D26DF26B4169F009C2F90 /* myScheduleTVC.swift in Sources */,
				3627E51626BBB77D0047C9DF /* AskApnVC.swift in Sources */,
				36FB7FB926B18CE8001F2C39 /* KakaoLoginDataModel.swift in Sources */,
				36FB7FB326B17C90001F2C39 /* LoginVC.swift in Sources */,
				363D26FA26B6F880009C2F90 /* ScheduleDetailVC.swift in Sources */,
				3627E52426BBD9E80047C9DF /* TermPickerVC.swift in Sources */,
				3627E50A26B9B2C60047C9DF /* GetInviteDataService.swift in Sources */,
				3627E50826B9B2B90047C9DF /* InviteDataModel.swift in Sources */,
				36FB7FBF26B1A8B5001F2C39 /* SplashVC.swift in Sources */,
				367F23B026C44D440054AE99 /* HomeNavigationController.swift in Sources */,
				36FB7F9F26B04986001F2C39 /* Extension+UIFont.swift in Sources */,
				3627E50426B9A0AF0047C9DF /* AccesDenineDataModel.swift in Sources */,
				3627E4FE26B8F1520047C9DF /* GetProfileData.swift in Sources */,
				36FB7F7326B03381001F2C39 /* SceneDelegate.swift in Sources */,
				3627E51826BBCFE60047C9DF /* AddMyscheduleDataModel.swift in Sources */,
				3627E51A26BBCFF00047C9DF /* AddMyScheduleDataService.swift in Sources */,
				36FB7FB726B18589001F2C39 /* KakaoLoginVC.swift in Sources */,
				3627E52026BBD7910047C9DF /* BlockScheduleVC.swift in Sources */,
				363D26E326B416BE009C2F90 /* NoScheduleTVC.swift in Sources */,
				36FB7FA526B07A11001F2C39 /* Extension+TableView.swift in Sources */,
				36FB7FC526B1B7FB001F2C39 /* GetNewTokenService.swift in Sources */,
				3627E50E26B9C0D90047C9DF /* GetInviteCountService.swift in Sources */,
				367F23AE26C43D410054AE99 /* DetailCalendarVC.swift in Sources */,
			);
			runOnlyForDeploymentPostprocessing = 0;
		};
/* End PBXSourcesBuildPhase section */

/* Begin PBXVariantGroup section */
		36FB7F7626B03381001F2C39 /* Main.storyboard */ = {
			isa = PBXVariantGroup;
			children = (
				36FB7F7726B03381001F2C39 /* Base */,
			);
			name = Main.storyboard;
			sourceTree = "<group>";
		};
		36FB7F7B26B03381001F2C39 /* LaunchScreen.storyboard */ = {
			isa = PBXVariantGroup;
			children = (
				36FB7F7C26B03381001F2C39 /* Base */,
			);
			name = LaunchScreen.storyboard;
			sourceTree = "<group>";
		};
/* End PBXVariantGroup section */

/* Begin XCBuildConfiguration section */
		36FB7F7F26B03381001F2C39 /* Debug */ = {
			isa = XCBuildConfiguration;
			buildSettings = {
				ALWAYS_SEARCH_USER_PATHS = NO;
				CLANG_ANALYZER_NONNULL = YES;
				CLANG_ANALYZER_NUMBER_OBJECT_CONVERSION = YES_AGGRESSIVE;
				CLANG_CXX_LANGUAGE_STANDARD = "gnu++14";
				CLANG_CXX_LIBRARY = "libc++";
				CLANG_ENABLE_MODULES = YES;
				CLANG_ENABLE_OBJC_ARC = YES;
				CLANG_ENABLE_OBJC_WEAK = YES;
				CLANG_WARN_BLOCK_CAPTURE_AUTORELEASING = YES;
				CLANG_WARN_BOOL_CONVERSION = YES;
				CLANG_WARN_COMMA = YES;
				CLANG_WARN_CONSTANT_CONVERSION = YES;
				CLANG_WARN_DEPRECATED_OBJC_IMPLEMENTATIONS = YES;
				CLANG_WARN_DIRECT_OBJC_ISA_USAGE = YES_ERROR;
				CLANG_WARN_DOCUMENTATION_COMMENTS = YES;
				CLANG_WARN_EMPTY_BODY = YES;
				CLANG_WARN_ENUM_CONVERSION = YES;
				CLANG_WARN_INFINITE_RECURSION = YES;
				CLANG_WARN_INT_CONVERSION = YES;
				CLANG_WARN_NON_LITERAL_NULL_CONVERSION = YES;
				CLANG_WARN_OBJC_IMPLICIT_RETAIN_SELF = YES;
				CLANG_WARN_OBJC_LITERAL_CONVERSION = YES;
				CLANG_WARN_OBJC_ROOT_CLASS = YES_ERROR;
				CLANG_WARN_QUOTED_INCLUDE_IN_FRAMEWORK_HEADER = YES;
				CLANG_WARN_RANGE_LOOP_ANALYSIS = YES;
				CLANG_WARN_STRICT_PROTOTYPES = YES;
				CLANG_WARN_SUSPICIOUS_MOVE = YES;
				CLANG_WARN_UNGUARDED_AVAILABILITY = YES_AGGRESSIVE;
				CLANG_WARN_UNREACHABLE_CODE = YES;
				CLANG_WARN__DUPLICATE_METHOD_MATCH = YES;
				COPY_PHASE_STRIP = NO;
				DEBUG_INFORMATION_FORMAT = dwarf;
				ENABLE_STRICT_OBJC_MSGSEND = YES;
				ENABLE_TESTABILITY = YES;
				GCC_C_LANGUAGE_STANDARD = gnu11;
				GCC_DYNAMIC_NO_PIC = NO;
				GCC_NO_COMMON_BLOCKS = YES;
				GCC_OPTIMIZATION_LEVEL = 0;
				GCC_PREPROCESSOR_DEFINITIONS = (
					"DEBUG=1",
					"$(inherited)",
				);
				GCC_WARN_64_TO_32_BIT_CONVERSION = YES;
				GCC_WARN_ABOUT_RETURN_TYPE = YES_ERROR;
				GCC_WARN_UNDECLARED_SELECTOR = YES;
				GCC_WARN_UNINITIALIZED_AUTOS = YES_AGGRESSIVE;
				GCC_WARN_UNUSED_FUNCTION = YES;
				GCC_WARN_UNUSED_VARIABLE = YES;
				IPHONEOS_DEPLOYMENT_TARGET = 9.0;
				MTL_ENABLE_DEBUG_INFO = INCLUDE_SOURCE;
				MTL_FAST_MATH = YES;
				ONLY_ACTIVE_ARCH = YES;
				SDKROOT = iphoneos;
				SWIFT_ACTIVE_COMPILATION_CONDITIONS = DEBUG;
				SWIFT_OPTIMIZATION_LEVEL = "-Onone";
				VALIDATE_PRODUCT = YES;
			};
			name = Debug;
		};
		36FB7F8026B03381001F2C39 /* Release */ = {
			isa = XCBuildConfiguration;
			buildSettings = {
				ALWAYS_SEARCH_USER_PATHS = NO;
				CLANG_ANALYZER_NONNULL = YES;
				CLANG_ANALYZER_NUMBER_OBJECT_CONVERSION = YES_AGGRESSIVE;
				CLANG_CXX_LANGUAGE_STANDARD = "gnu++14";
				CLANG_CXX_LIBRARY = "libc++";
				CLANG_ENABLE_MODULES = YES;
				CLANG_ENABLE_OBJC_ARC = YES;
				CLANG_ENABLE_OBJC_WEAK = YES;
				CLANG_WARN_BLOCK_CAPTURE_AUTORELEASING = YES;
				CLANG_WARN_BOOL_CONVERSION = YES;
				CLANG_WARN_COMMA = YES;
				CLANG_WARN_CONSTANT_CONVERSION = YES;
				CLANG_WARN_DEPRECATED_OBJC_IMPLEMENTATIONS = YES;
				CLANG_WARN_DIRECT_OBJC_ISA_USAGE = YES_ERROR;
				CLANG_WARN_DOCUMENTATION_COMMENTS = YES;
				CLANG_WARN_EMPTY_BODY = YES;
				CLANG_WARN_ENUM_CONVERSION = YES;
				CLANG_WARN_INFINITE_RECURSION = YES;
				CLANG_WARN_INT_CONVERSION = YES;
				CLANG_WARN_NON_LITERAL_NULL_CONVERSION = YES;
				CLANG_WARN_OBJC_IMPLICIT_RETAIN_SELF = YES;
				CLANG_WARN_OBJC_LITERAL_CONVERSION = YES;
				CLANG_WARN_OBJC_ROOT_CLASS = YES_ERROR;
				CLANG_WARN_QUOTED_INCLUDE_IN_FRAMEWORK_HEADER = YES;
				CLANG_WARN_RANGE_LOOP_ANALYSIS = YES;
				CLANG_WARN_STRICT_PROTOTYPES = YES;
				CLANG_WARN_SUSPICIOUS_MOVE = YES;
				CLANG_WARN_UNGUARDED_AVAILABILITY = YES_AGGRESSIVE;
				CLANG_WARN_UNREACHABLE_CODE = YES;
				CLANG_WARN__DUPLICATE_METHOD_MATCH = YES;
				COPY_PHASE_STRIP = NO;
				DEBUG_INFORMATION_FORMAT = "dwarf-with-dsym";
				ENABLE_NS_ASSERTIONS = NO;
				ENABLE_STRICT_OBJC_MSGSEND = YES;
				ENABLE_TESTABILITY = NO;
				GCC_C_LANGUAGE_STANDARD = gnu11;
				GCC_NO_COMMON_BLOCKS = YES;
				GCC_WARN_64_TO_32_BIT_CONVERSION = YES;
				GCC_WARN_ABOUT_RETURN_TYPE = YES_ERROR;
				GCC_WARN_UNDECLARED_SELECTOR = YES;
				GCC_WARN_UNINITIALIZED_AUTOS = YES_AGGRESSIVE;
				GCC_WARN_UNUSED_FUNCTION = YES;
				GCC_WARN_UNUSED_VARIABLE = YES;
				IPHONEOS_DEPLOYMENT_TARGET = 9.0;
				MTL_ENABLE_DEBUG_INFO = NO;
				MTL_FAST_MATH = YES;
				SDKROOT = iphoneos;
				SWIFT_COMPILATION_MODE = wholemodule;
				SWIFT_OPTIMIZATION_LEVEL = "-O";
				VALIDATE_PRODUCT = YES;
			};
			name = Release;
		};
		36FB7F8226B03381001F2C39 /* Debug */ = {
			isa = XCBuildConfiguration;
			baseConfigurationReference = CE663D472C4C0707FA6F5F24 /* Pods-Awesome.debug.xcconfig */;
			buildSettings = {
				ASSETCATALOG_COMPILER_APPICON_NAME = AppIcon;
				ASSETCATALOG_COMPILER_GLOBAL_ACCENT_COLOR_NAME = AccentColor;
				CODE_SIGN_ALLOW_ENTITLEMENTS_MODIFICATION = YES;
				CODE_SIGN_ENTITLEMENTS = Awesome/Awesome.entitlements;
				CODE_SIGN_STYLE = Automatic;
				CURRENT_PROJECT_VERSION = 3;
				DEVELOPMENT_TEAM = U24ZACT97M;
				INFOPLIST_FILE = Awesome/Info.plist;
				IPHONEOS_DEPLOYMENT_TARGET = 14.1;
				LD_RUNPATH_SEARCH_PATHS = (
					"$(inherited)",
					"@executable_path/Frameworks",
				);
				MARKETING_VERSION = 1.1.1;
				PRODUCT_BUNDLE_IDENTIFIER = wouldyouin.dev.Awesome;
				PRODUCT_NAME = "$(TARGET_NAME)";
				SWIFT_VERSION = 5.0;
				TARGETED_DEVICE_FAMILY = "1,2";
			};
			name = Debug;
		};
		36FB7F8326B03381001F2C39 /* Release */ = {
			isa = XCBuildConfiguration;
			baseConfigurationReference = F76C9BB4939BF52024F4A6B0 /* Pods-Awesome.release.xcconfig */;
			buildSettings = {
				ASSETCATALOG_COMPILER_APPICON_NAME = AppIcon;
				ASSETCATALOG_COMPILER_GLOBAL_ACCENT_COLOR_NAME = AccentColor;
				CODE_SIGN_ALLOW_ENTITLEMENTS_MODIFICATION = YES;
				CODE_SIGN_ENTITLEMENTS = Awesome/Awesome.entitlements;
				CODE_SIGN_STYLE = Automatic;
				CURRENT_PROJECT_VERSION = 3;
				DEVELOPMENT_TEAM = U24ZACT97M;
				INFOPLIST_FILE = Awesome/Info.plist;
				IPHONEOS_DEPLOYMENT_TARGET = 14.1;
				LD_RUNPATH_SEARCH_PATHS = (
					"$(inherited)",
					"@executable_path/Frameworks",
				);
				MARKETING_VERSION = 1.1.1;
				PRODUCT_BUNDLE_IDENTIFIER = wouldyouin.dev.Awesome;
				PRODUCT_NAME = "$(TARGET_NAME)";
				SWIFT_VERSION = 5.0;
				TARGETED_DEVICE_FAMILY = "1,2";
			};
			name = Release;
		};
/* End XCBuildConfiguration section */

/* Begin XCConfigurationList section */
		36FB7F6826B03381001F2C39 /* Build configuration list for PBXProject "Awesome" */ = {
			isa = XCConfigurationList;
			buildConfigurations = (
				36FB7F7F26B03381001F2C39 /* Debug */,
				36FB7F8026B03381001F2C39 /* Release */,
			);
			defaultConfigurationIsVisible = 0;
			defaultConfigurationName = Release;
		};
		36FB7F8126B03381001F2C39 /* Build configuration list for PBXNativeTarget "Awesome" */ = {
			isa = XCConfigurationList;
			buildConfigurations = (
				36FB7F8226B03381001F2C39 /* Debug */,
				36FB7F8326B03381001F2C39 /* Release */,
			);
			defaultConfigurationIsVisible = 0;
			defaultConfigurationName = Release;
		};
/* End XCConfigurationList section */
	};
	rootObject = 36FB7F6526B03381001F2C39 /* Project object */;
}
